
Microsoft Visual Studio Solution File, Format Version 12.00
# Visual Studio Version 17
VisualStudioVersion = 17.13.35913.81 d17.13
MinimumVisualStudioVersion = 10.0.40219.1
Project("{FAE04EC0-301F-11D3-BF4B-00C04F79EFBC}") = "Console_app", "Console_app\Console_app.csproj", "{490CE92C-3BD0-460A-A5EE-A981C78EAD87}"
EndProject
Global
	GlobalSection(SolutionConfigurationPlatforms) = preSolution
		Debug|Any CPU = Debug|Any CPU
		Release|Any CPU = Release|Any CPU
	EndGlobalSection
	GlobalSection(ProjectConfigurationPlatforms) = postSolution
		{490CE92C-3BD0-460A-A5EE-A981C78EAD87}.Debug|Any CPU.ActiveCfg = Debug|Any CPU
		{490CE92C-3BD0-460A-A5EE-A981C78EAD87}.Debug|Any CPU.Build.0 = Debug|Any CPU
		{490CE92C-3BD0-460A-A5EE-A981C78EAD87}.Release|Any CPU.ActiveCfg = Release|Any CPU
		{490CE92C-3BD0-460A-A5EE-A981C78EAD87}.Release|Any CPU.Build.0 = Release|Any CPU
	EndGlobalSection
	GlobalSection(SolutionProperties) = preSolution
		HideSolutionNode = FALSE
	EndGlobalSection
	GlobalSection(ExtensibilityGlobals) = postSolution
		SolutionGuid = {BBA4471C-9CA7-4EC1-8D2B-AB352D9566E1}
	EndGlobalSection
EndGlobal
